
Microsoft Visual Studio Solution File, Format Version 12.00
# Visual Studio 2012
Project("{FAE04EC0-301F-11D3-BF4B-00C04F79EFBC}") = "BouncedClient", "BouncedClient\BouncedClient.csproj", "{D0FF2EB3-A001-4870-90B3-5E2FE0917752}"
EndProject
Global
	GlobalSection(SolutionConfigurationPlatforms) = preSolution
		Debug|Any CPU = Debug|Any CPU
		Release|Any CPU = Release|Any CPU
	EndGlobalSection
	GlobalSection(ProjectConfigurationPlatforms) = postSolution
		{D0FF2EB3-A001-4870-90B3-5E2FE0917752}.Debug|Any CPU.ActiveCfg = Debug|Any CPU
		{D0FF2EB3-A001-4870-90B3-5E2FE0917752}.Debug|Any CPU.Build.0 = Debug|Any CPU
		{D0FF2EB3-A001-4870-90B3-5E2FE0917752}.Release|Any CPU.ActiveCfg = Release|Any CPU
		{D0FF2EB3-A001-4870-90B3-5E2FE0917752}.Release|Any CPU.Build.0 = Release|Any CPU
	EndGlobalSection
	GlobalSection(SolutionProperties) = preSolution
		HideSolutionNode = FALSE
	EndGlobalSection
EndGlobal
